
Microsoft Visual Studio Solution File, Format Version 12.00
# Visual Studio Version 17
VisualStudioVersion = 17.5.33516.290
MinimumVisualStudioVersion = 10.0.40219.1
Project("{FAE04EC0-301F-11D3-BF4B-00C04F79EFBC}") = "Ejercicio l02", "Ejercicio l02\Ejercicio l02.csproj", "{7FB0050B-3291-4673-BF87-CD130922E91F}"
EndProject
Project("{FAE04EC0-301F-11D3-BF4B-00C04F79EFBC}") = "Entidades", "Entidades\Entidades.csproj", "{1482DD60-F178-47A1-8C56-8CA40759A8E2}"
EndProject
Global
	GlobalSection(SolutionConfigurationPlatforms) = preSolution
		Debug|Any CPU = Debug|Any CPU
		Release|Any CPU = Release|Any CPU
	EndGlobalSection
	GlobalSection(ProjectConfigurationPlatforms) = postSolution
		{7FB0050B-3291-4673-BF87-CD130922E91F}.Debug|Any CPU.ActiveCfg = Debug|Any CPU
		{7FB0050B-3291-4673-BF87-CD130922E91F}.Debug|Any CPU.Build.0 = Debug|Any CPU
		{7FB0050B-3291-4673-BF87-CD130922E91F}.Release|Any CPU.ActiveCfg = Release|Any CPU
		{7FB0050B-3291-4673-BF87-CD130922E91F}.Release|Any CPU.Build.0 = Release|Any CPU
		{1482DD60-F178-47A1-8C56-8CA40759A8E2}.Debug|Any CPU.ActiveCfg = Debug|Any CPU
		{1482DD60-F178-47A1-8C56-8CA40759A8E2}.Debug|Any CPU.Build.0 = Debug|Any CPU
		{1482DD60-F178-47A1-8C56-8CA40759A8E2}.Release|Any CPU.ActiveCfg = Release|Any CPU
		{1482DD60-F178-47A1-8C56-8CA40759A8E2}.Release|Any CPU.Build.0 = Release|Any CPU
	EndGlobalSection
	GlobalSection(SolutionProperties) = preSolution
		HideSolutionNode = FALSE
	EndGlobalSection
	GlobalSection(ExtensibilityGlobals) = postSolution
		SolutionGuid = {9AED7894-23F4-4153-9DAE-FCEB156C1DCA}
	EndGlobalSection
EndGlobal
