
Microsoft Visual Studio Solution File, Format Version 12.00
# Visual Studio Version 17
VisualStudioVersion = 17.5.33516.290
MinimumVisualStudioVersion = 10.0.40219.1
Project("{9A19103F-16F7-4668-BE54-9A1E7A4F7556}") = "clase_17", "clase_17\clase_17.csproj", "{DD3E90C5-B3BD-4693-AB15-97826AB2FA23}"
EndProject
Project("{9A19103F-16F7-4668-BE54-9A1E7A4F7556}") = "Entidades", "Entidades\Entidades.csproj", "{B96A5446-65CC-45F4-B08D-082B868D6465}"
EndProject
Project("{FAE04EC0-301F-11D3-BF4B-00C04F79EFBC}") = "FrmView", "FrmView\FrmView.csproj", "{7F7D952E-5B3F-4F5F-AD09-34C72780ED1C}"
EndProject
Global
	GlobalSection(SolutionConfigurationPlatforms) = preSolution
		Debug|Any CPU = Debug|Any CPU
		Release|Any CPU = Release|Any CPU
	EndGlobalSection
	GlobalSection(ProjectConfigurationPlatforms) = postSolution
		{DD3E90C5-B3BD-4693-AB15-97826AB2FA23}.Debug|Any CPU.ActiveCfg = Debug|Any CPU
		{DD3E90C5-B3BD-4693-AB15-97826AB2FA23}.Debug|Any CPU.Build.0 = Debug|Any CPU
		{DD3E90C5-B3BD-4693-AB15-97826AB2FA23}.Release|Any CPU.ActiveCfg = Release|Any CPU
		{DD3E90C5-B3BD-4693-AB15-97826AB2FA23}.Release|Any CPU.Build.0 = Release|Any CPU
		{B96A5446-65CC-45F4-B08D-082B868D6465}.Debug|Any CPU.ActiveCfg = Debug|Any CPU
		{B96A5446-65CC-45F4-B08D-082B868D6465}.Debug|Any CPU.Build.0 = Debug|Any CPU
		{B96A5446-65CC-45F4-B08D-082B868D6465}.Release|Any CPU.ActiveCfg = Release|Any CPU
		{B96A5446-65CC-45F4-B08D-082B868D6465}.Release|Any CPU.Build.0 = Release|Any CPU
		{7F7D952E-5B3F-4F5F-AD09-34C72780ED1C}.Debug|Any CPU.ActiveCfg = Debug|Any CPU
		{7F7D952E-5B3F-4F5F-AD09-34C72780ED1C}.Debug|Any CPU.Build.0 = Debug|Any CPU
		{7F7D952E-5B3F-4F5F-AD09-34C72780ED1C}.Release|Any CPU.ActiveCfg = Release|Any CPU
		{7F7D952E-5B3F-4F5F-AD09-34C72780ED1C}.Release|Any CPU.Build.0 = Release|Any CPU
	EndGlobalSection
	GlobalSection(SolutionProperties) = preSolution
		HideSolutionNode = FALSE
	EndGlobalSection
	GlobalSection(ExtensibilityGlobals) = postSolution
		SolutionGuid = {E83BA35C-DDE2-4CBB-B3BB-44954909D1D7}
	EndGlobalSection
EndGlobal
