
Microsoft Visual Studio Solution File, Format Version 12.00
# Visual Studio Version 17
VisualStudioVersion = 17.5.33516.290
MinimumVisualStudioVersion = 10.0.40219.1
Project("{FAE04EC0-301F-11D3-BF4B-00C04F79EFBC}") = "clase_11", "clase_11\clase_11.csproj", "{56567501-E4DC-4177-9988-FD659E38D4C4}"
EndProject
Project("{FAE04EC0-301F-11D3-BF4B-00C04F79EFBC}") = "Entidades", "Entidades\Entidades.csproj", "{93323278-2B12-4084-902D-F4302FEEE887}"
EndProject
Project("{FAE04EC0-301F-11D3-BF4B-00C04F79EFBC}") = "PruebasUnitarias", "PruebasUnitarias\PruebasUnitarias.csproj", "{7A93F6CD-4415-4266-AB13-3A3588DB6E73}"
EndProject
Global
	GlobalSection(SolutionConfigurationPlatforms) = preSolution
		Debug|Any CPU = Debug|Any CPU
		Release|Any CPU = Release|Any CPU
	EndGlobalSection
	GlobalSection(ProjectConfigurationPlatforms) = postSolution
		{56567501-E4DC-4177-9988-FD659E38D4C4}.Debug|Any CPU.ActiveCfg = Debug|Any CPU
		{56567501-E4DC-4177-9988-FD659E38D4C4}.Debug|Any CPU.Build.0 = Debug|Any CPU
		{56567501-E4DC-4177-9988-FD659E38D4C4}.Release|Any CPU.ActiveCfg = Release|Any CPU
		{56567501-E4DC-4177-9988-FD659E38D4C4}.Release|Any CPU.Build.0 = Release|Any CPU
		{93323278-2B12-4084-902D-F4302FEEE887}.Debug|Any CPU.ActiveCfg = Debug|Any CPU
		{93323278-2B12-4084-902D-F4302FEEE887}.Debug|Any CPU.Build.0 = Debug|Any CPU
		{93323278-2B12-4084-902D-F4302FEEE887}.Release|Any CPU.ActiveCfg = Release|Any CPU
		{93323278-2B12-4084-902D-F4302FEEE887}.Release|Any CPU.Build.0 = Release|Any CPU
		{7A93F6CD-4415-4266-AB13-3A3588DB6E73}.Debug|Any CPU.ActiveCfg = Debug|Any CPU
		{7A93F6CD-4415-4266-AB13-3A3588DB6E73}.Debug|Any CPU.Build.0 = Debug|Any CPU
		{7A93F6CD-4415-4266-AB13-3A3588DB6E73}.Release|Any CPU.ActiveCfg = Release|Any CPU
		{7A93F6CD-4415-4266-AB13-3A3588DB6E73}.Release|Any CPU.Build.0 = Release|Any CPU
	EndGlobalSection
	GlobalSection(SolutionProperties) = preSolution
		HideSolutionNode = FALSE
	EndGlobalSection
	GlobalSection(ExtensibilityGlobals) = postSolution
		SolutionGuid = {7239D500-A82F-4A96-AB0B-AA088D18BB69}
	EndGlobalSection
EndGlobal
