
Microsoft Visual Studio Solution File, Format Version 12.00
# Visual Studio Version 17
VisualStudioVersion = 17.5.33516.290
MinimumVisualStudioVersion = 10.0.40219.1
Project("{FAE04EC0-301F-11D3-BF4B-00C04F79EFBC}") = "clase_09", "clase_09\clase_09.csproj", "{15213540-6E5F-4CD3-BCAE-6DF71FCC8240}"
EndProject
Project("{FAE04EC0-301F-11D3-BF4B-00C04F79EFBC}") = "Entidades", "Entidades\Entidades.csproj", "{187FD021-0011-4088-BE6E-774FA9023B6C}"
EndProject
Global
	GlobalSection(SolutionConfigurationPlatforms) = preSolution
		Debug|Any CPU = Debug|Any CPU
		Release|Any CPU = Release|Any CPU
	EndGlobalSection
	GlobalSection(ProjectConfigurationPlatforms) = postSolution
		{15213540-6E5F-4CD3-BCAE-6DF71FCC8240}.Debug|Any CPU.ActiveCfg = Debug|Any CPU
		{15213540-6E5F-4CD3-BCAE-6DF71FCC8240}.Debug|Any CPU.Build.0 = Debug|Any CPU
		{15213540-6E5F-4CD3-BCAE-6DF71FCC8240}.Release|Any CPU.ActiveCfg = Release|Any CPU
		{15213540-6E5F-4CD3-BCAE-6DF71FCC8240}.Release|Any CPU.Build.0 = Release|Any CPU
		{187FD021-0011-4088-BE6E-774FA9023B6C}.Debug|Any CPU.ActiveCfg = Debug|Any CPU
		{187FD021-0011-4088-BE6E-774FA9023B6C}.Debug|Any CPU.Build.0 = Debug|Any CPU
		{187FD021-0011-4088-BE6E-774FA9023B6C}.Release|Any CPU.ActiveCfg = Release|Any CPU
		{187FD021-0011-4088-BE6E-774FA9023B6C}.Release|Any CPU.Build.0 = Release|Any CPU
	EndGlobalSection
	GlobalSection(SolutionProperties) = preSolution
		HideSolutionNode = FALSE
	EndGlobalSection
	GlobalSection(ExtensibilityGlobals) = postSolution
		SolutionGuid = {45B9B9F5-520A-41A5-8FC3-046DA182251B}
	EndGlobalSection
EndGlobal
