
Microsoft Visual Studio Solution File, Format Version 12.00
# Visual Studio Version 17
VisualStudioVersion = 17.5.33516.290
MinimumVisualStudioVersion = 10.0.40219.1
Project("{FAE04EC0-301F-11D3-BF4B-00C04F79EFBC}") = "clase_12", "clase_12\clase_12.csproj", "{09E2E0B1-2094-4EBA-BC1F-6BFBA1EE3861}"
EndProject
Project("{FAE04EC0-301F-11D3-BF4B-00C04F79EFBC}") = "Entidades", "Entidades\Entidades.csproj", "{12A22EF3-4665-4CBB-AB37-742DBF97B860}"
EndProject
Project("{FAE04EC0-301F-11D3-BF4B-00C04F79EFBC}") = "View", "View\View.csproj", "{337E0AE9-A5FD-433A-BF26-E1F9C48F3AF0}"
EndProject
Global
	GlobalSection(SolutionConfigurationPlatforms) = preSolution
		Debug|Any CPU = Debug|Any CPU
		Release|Any CPU = Release|Any CPU
	EndGlobalSection
	GlobalSection(ProjectConfigurationPlatforms) = postSolution
		{09E2E0B1-2094-4EBA-BC1F-6BFBA1EE3861}.Debug|Any CPU.ActiveCfg = Debug|Any CPU
		{09E2E0B1-2094-4EBA-BC1F-6BFBA1EE3861}.Debug|Any CPU.Build.0 = Debug|Any CPU
		{09E2E0B1-2094-4EBA-BC1F-6BFBA1EE3861}.Release|Any CPU.ActiveCfg = Release|Any CPU
		{09E2E0B1-2094-4EBA-BC1F-6BFBA1EE3861}.Release|Any CPU.Build.0 = Release|Any CPU
		{12A22EF3-4665-4CBB-AB37-742DBF97B860}.Debug|Any CPU.ActiveCfg = Debug|Any CPU
		{12A22EF3-4665-4CBB-AB37-742DBF97B860}.Debug|Any CPU.Build.0 = Debug|Any CPU
		{12A22EF3-4665-4CBB-AB37-742DBF97B860}.Release|Any CPU.ActiveCfg = Release|Any CPU
		{12A22EF3-4665-4CBB-AB37-742DBF97B860}.Release|Any CPU.Build.0 = Release|Any CPU
		{337E0AE9-A5FD-433A-BF26-E1F9C48F3AF0}.Debug|Any CPU.ActiveCfg = Debug|Any CPU
		{337E0AE9-A5FD-433A-BF26-E1F9C48F3AF0}.Debug|Any CPU.Build.0 = Debug|Any CPU
		{337E0AE9-A5FD-433A-BF26-E1F9C48F3AF0}.Release|Any CPU.ActiveCfg = Release|Any CPU
		{337E0AE9-A5FD-433A-BF26-E1F9C48F3AF0}.Release|Any CPU.Build.0 = Release|Any CPU
	EndGlobalSection
	GlobalSection(SolutionProperties) = preSolution
		HideSolutionNode = FALSE
	EndGlobalSection
	GlobalSection(ExtensibilityGlobals) = postSolution
		SolutionGuid = {65CF5A8D-1405-4DE8-8DE6-54E4EEEA8C23}
	EndGlobalSection
EndGlobal
