
Microsoft Visual Studio Solution File, Format Version 12.00
# Visual Studio Version 17
VisualStudioVersion = 17.5.33516.290
MinimumVisualStudioVersion = 10.0.40219.1
Project("{9A19103F-16F7-4668-BE54-9A1E7A4F7556}") = "Fernandez.Julian.2C", "Fernandez.Julian.2C\Fernandez.Julian.2C.csproj", "{F4C0609A-86C9-4ACC-A619-6EF561DAD2F1}"
EndProject
Project("{9A19103F-16F7-4668-BE54-9A1E7A4F7556}") = "FRMEstacionamiento", "Estacionamiento\FRMEstacionamiento.csproj", "{DED8DDE7-615D-4209-8293-F64808A4DB4C}"
EndProject
Global
	GlobalSection(SolutionConfigurationPlatforms) = preSolution
		Debug|Any CPU = Debug|Any CPU
		Release|Any CPU = Release|Any CPU
	EndGlobalSection
	GlobalSection(ProjectConfigurationPlatforms) = postSolution
		{F4C0609A-86C9-4ACC-A619-6EF561DAD2F1}.Debug|Any CPU.ActiveCfg = Debug|Any CPU
		{F4C0609A-86C9-4ACC-A619-6EF561DAD2F1}.Debug|Any CPU.Build.0 = Debug|Any CPU
		{F4C0609A-86C9-4ACC-A619-6EF561DAD2F1}.Release|Any CPU.ActiveCfg = Release|Any CPU
		{F4C0609A-86C9-4ACC-A619-6EF561DAD2F1}.Release|Any CPU.Build.0 = Release|Any CPU
		{DED8DDE7-615D-4209-8293-F64808A4DB4C}.Debug|Any CPU.ActiveCfg = Debug|Any CPU
		{DED8DDE7-615D-4209-8293-F64808A4DB4C}.Debug|Any CPU.Build.0 = Debug|Any CPU
		{DED8DDE7-615D-4209-8293-F64808A4DB4C}.Release|Any CPU.ActiveCfg = Release|Any CPU
		{DED8DDE7-615D-4209-8293-F64808A4DB4C}.Release|Any CPU.Build.0 = Release|Any CPU
	EndGlobalSection
	GlobalSection(SolutionProperties) = preSolution
		HideSolutionNode = FALSE
	EndGlobalSection
	GlobalSection(ExtensibilityGlobals) = postSolution
		SolutionGuid = {3BF4A9B6-AA1C-45F8-B112-40A81A2E3227}
	EndGlobalSection
EndGlobal
