
Microsoft Visual Studio Solution File, Format Version 12.00
# Visual Studio Version 17
VisualStudioVersion = 17.5.33516.290
MinimumVisualStudioVersion = 10.0.40219.1
Project("{FAE04EC0-301F-11D3-BF4B-00C04F79EFBC}") = "02_Ejercicios_metodos", "02_Ejercicios_metodos\02_Ejercicios_metodos.csproj", "{99142F1D-CDD8-41EF-915D-88A06BE6F293}"
EndProject
Project("{FAE04EC0-301F-11D3-BF4B-00C04F79EFBC}") = "Ejercicios", "Metodos\Ejercicios.csproj", "{4993784B-3C35-4FD5-A7E9-EE2C16B125D0}"
EndProject
Global
	GlobalSection(SolutionConfigurationPlatforms) = preSolution
		Debug|Any CPU = Debug|Any CPU
		Release|Any CPU = Release|Any CPU
	EndGlobalSection
	GlobalSection(ProjectConfigurationPlatforms) = postSolution
		{99142F1D-CDD8-41EF-915D-88A06BE6F293}.Debug|Any CPU.ActiveCfg = Debug|Any CPU
		{99142F1D-CDD8-41EF-915D-88A06BE6F293}.Debug|Any CPU.Build.0 = Debug|Any CPU
		{99142F1D-CDD8-41EF-915D-88A06BE6F293}.Release|Any CPU.ActiveCfg = Release|Any CPU
		{99142F1D-CDD8-41EF-915D-88A06BE6F293}.Release|Any CPU.Build.0 = Release|Any CPU
		{4993784B-3C35-4FD5-A7E9-EE2C16B125D0}.Debug|Any CPU.ActiveCfg = Debug|Any CPU
		{4993784B-3C35-4FD5-A7E9-EE2C16B125D0}.Debug|Any CPU.Build.0 = Debug|Any CPU
		{4993784B-3C35-4FD5-A7E9-EE2C16B125D0}.Release|Any CPU.ActiveCfg = Release|Any CPU
		{4993784B-3C35-4FD5-A7E9-EE2C16B125D0}.Release|Any CPU.Build.0 = Release|Any CPU
	EndGlobalSection
	GlobalSection(SolutionProperties) = preSolution
		HideSolutionNode = FALSE
	EndGlobalSection
	GlobalSection(ExtensibilityGlobals) = postSolution
		SolutionGuid = {8C006D52-39A0-492A-BA6D-D5433B060940}
	EndGlobalSection
EndGlobal
