
Microsoft Visual Studio Solution File, Format Version 12.00
# Visual Studio Version 17
VisualStudioVersion = 17.5.33516.290
MinimumVisualStudioVersion = 10.0.40219.1
Project("{FAE04EC0-301F-11D3-BF4B-00C04F79EFBC}") = "03_Ejercicios_objetos", "03_Ejercicios_objetos\03_Ejercicios_objetos.csproj", "{D73FEFA0-114C-4824-B6DF-DD34F93ACD93}"
EndProject
Project("{FAE04EC0-301F-11D3-BF4B-00C04F79EFBC}") = "Entidades", "Ejercicios\Entidades.csproj", "{47EB3E5A-D08B-4D34-8172-14923BACA99A}"
EndProject
Global
	GlobalSection(SolutionConfigurationPlatforms) = preSolution
		Debug|Any CPU = Debug|Any CPU
		Release|Any CPU = Release|Any CPU
	EndGlobalSection
	GlobalSection(ProjectConfigurationPlatforms) = postSolution
		{D73FEFA0-114C-4824-B6DF-DD34F93ACD93}.Debug|Any CPU.ActiveCfg = Debug|Any CPU
		{D73FEFA0-114C-4824-B6DF-DD34F93ACD93}.Debug|Any CPU.Build.0 = Debug|Any CPU
		{D73FEFA0-114C-4824-B6DF-DD34F93ACD93}.Release|Any CPU.ActiveCfg = Release|Any CPU
		{D73FEFA0-114C-4824-B6DF-DD34F93ACD93}.Release|Any CPU.Build.0 = Release|Any CPU
		{47EB3E5A-D08B-4D34-8172-14923BACA99A}.Debug|Any CPU.ActiveCfg = Debug|Any CPU
		{47EB3E5A-D08B-4D34-8172-14923BACA99A}.Debug|Any CPU.Build.0 = Debug|Any CPU
		{47EB3E5A-D08B-4D34-8172-14923BACA99A}.Release|Any CPU.ActiveCfg = Release|Any CPU
		{47EB3E5A-D08B-4D34-8172-14923BACA99A}.Release|Any CPU.Build.0 = Release|Any CPU
	EndGlobalSection
	GlobalSection(SolutionProperties) = preSolution
		HideSolutionNode = FALSE
	EndGlobalSection
	GlobalSection(ExtensibilityGlobals) = postSolution
		SolutionGuid = {FAEE3B69-FBD9-4850-8219-E050EABA3BE9}
	EndGlobalSection
EndGlobal
