
Microsoft Visual Studio Solution File, Format Version 12.00
# Visual Studio Version 17
VisualStudioVersion = 17.5.33516.290
MinimumVisualStudioVersion = 10.0.40219.1
Project("{9A19103F-16F7-4668-BE54-9A1E7A4F7556}") = "clase_05_f", "clase_05_f\clase_05_f.csproj", "{54D622D3-75D8-4037-A14F-4330D9E5D31E}"
EndProject
Project("{FAE04EC0-301F-11D3-BF4B-00C04F79EFBC}") = "Entidades", "Entidades\Entidades.csproj", "{CC12FA70-D10A-4D60-9924-E74C3376698C}"
EndProject
Global
	GlobalSection(SolutionConfigurationPlatforms) = preSolution
		Debug|Any CPU = Debug|Any CPU
		Release|Any CPU = Release|Any CPU
	EndGlobalSection
	GlobalSection(ProjectConfigurationPlatforms) = postSolution
		{54D622D3-75D8-4037-A14F-4330D9E5D31E}.Debug|Any CPU.ActiveCfg = Debug|Any CPU
		{54D622D3-75D8-4037-A14F-4330D9E5D31E}.Debug|Any CPU.Build.0 = Debug|Any CPU
		{54D622D3-75D8-4037-A14F-4330D9E5D31E}.Release|Any CPU.ActiveCfg = Release|Any CPU
		{54D622D3-75D8-4037-A14F-4330D9E5D31E}.Release|Any CPU.Build.0 = Release|Any CPU
		{CC12FA70-D10A-4D60-9924-E74C3376698C}.Debug|Any CPU.ActiveCfg = Debug|Any CPU
		{CC12FA70-D10A-4D60-9924-E74C3376698C}.Debug|Any CPU.Build.0 = Debug|Any CPU
		{CC12FA70-D10A-4D60-9924-E74C3376698C}.Release|Any CPU.ActiveCfg = Release|Any CPU
		{CC12FA70-D10A-4D60-9924-E74C3376698C}.Release|Any CPU.Build.0 = Release|Any CPU
	EndGlobalSection
	GlobalSection(SolutionProperties) = preSolution
		HideSolutionNode = FALSE
	EndGlobalSection
	GlobalSection(ExtensibilityGlobals) = postSolution
		SolutionGuid = {59FE026C-247A-458B-B0B7-A7CBF7683AC4}
	EndGlobalSection
EndGlobal
