
Microsoft Visual Studio Solution File, Format Version 12.00
# Visual Studio Version 17
VisualStudioVersion = 17.5.33516.290
MinimumVisualStudioVersion = 10.0.40219.1
Project("{FAE04EC0-301F-11D3-BF4B-00C04F79EFBC}") = "clase_07", "clase_07\clase_07.csproj", "{4A888080-6380-42CC-89C3-CF8899D94F16}"
EndProject
Project("{FAE04EC0-301F-11D3-BF4B-00C04F79EFBC}") = "Entidades", "Entidades\Entidades.csproj", "{F381B03B-6669-42EF-A726-B4A39D6FFDA4}"
EndProject
Global
	GlobalSection(SolutionConfigurationPlatforms) = preSolution
		Debug|Any CPU = Debug|Any CPU
		Release|Any CPU = Release|Any CPU
	EndGlobalSection
	GlobalSection(ProjectConfigurationPlatforms) = postSolution
		{4A888080-6380-42CC-89C3-CF8899D94F16}.Debug|Any CPU.ActiveCfg = Debug|Any CPU
		{4A888080-6380-42CC-89C3-CF8899D94F16}.Debug|Any CPU.Build.0 = Debug|Any CPU
		{4A888080-6380-42CC-89C3-CF8899D94F16}.Release|Any CPU.ActiveCfg = Release|Any CPU
		{4A888080-6380-42CC-89C3-CF8899D94F16}.Release|Any CPU.Build.0 = Release|Any CPU
		{F381B03B-6669-42EF-A726-B4A39D6FFDA4}.Debug|Any CPU.ActiveCfg = Debug|Any CPU
		{F381B03B-6669-42EF-A726-B4A39D6FFDA4}.Debug|Any CPU.Build.0 = Debug|Any CPU
		{F381B03B-6669-42EF-A726-B4A39D6FFDA4}.Release|Any CPU.ActiveCfg = Release|Any CPU
		{F381B03B-6669-42EF-A726-B4A39D6FFDA4}.Release|Any CPU.Build.0 = Release|Any CPU
	EndGlobalSection
	GlobalSection(SolutionProperties) = preSolution
		HideSolutionNode = FALSE
	EndGlobalSection
	GlobalSection(ExtensibilityGlobals) = postSolution
		SolutionGuid = {A9372839-517C-48F9-8F56-77896CA39D96}
	EndGlobalSection
EndGlobal
