
Microsoft Visual Studio Solution File, Format Version 12.00
# Visual Studio Version 17
VisualStudioVersion = 17.5.33516.290
MinimumVisualStudioVersion = 10.0.40219.1
Project("{9A19103F-16F7-4668-BE54-9A1E7A4F7556}") = "06_Ejercicios_Arrays_&_Colecciones", "06_Ejercicios_Arrays_&_Colecciones\06_Ejercicios_Arrays_&_Colecciones.csproj", "{BDF6101B-2761-4B0B-A73E-BBF5C5476B2E}"
EndProject
Project("{9A19103F-16F7-4668-BE54-9A1E7A4F7556}") = "Entidades", "Entidades\Entidades.csproj", "{28B4FC55-CA22-43A7-82E4-8DFEACB69C3B}"
EndProject
Global
	GlobalSection(SolutionConfigurationPlatforms) = preSolution
		Debug|Any CPU = Debug|Any CPU
		Release|Any CPU = Release|Any CPU
	EndGlobalSection
	GlobalSection(ProjectConfigurationPlatforms) = postSolution
		{BDF6101B-2761-4B0B-A73E-BBF5C5476B2E}.Debug|Any CPU.ActiveCfg = Debug|Any CPU
		{BDF6101B-2761-4B0B-A73E-BBF5C5476B2E}.Debug|Any CPU.Build.0 = Debug|Any CPU
		{BDF6101B-2761-4B0B-A73E-BBF5C5476B2E}.Release|Any CPU.ActiveCfg = Release|Any CPU
		{BDF6101B-2761-4B0B-A73E-BBF5C5476B2E}.Release|Any CPU.Build.0 = Release|Any CPU
		{28B4FC55-CA22-43A7-82E4-8DFEACB69C3B}.Debug|Any CPU.ActiveCfg = Debug|Any CPU
		{28B4FC55-CA22-43A7-82E4-8DFEACB69C3B}.Debug|Any CPU.Build.0 = Debug|Any CPU
		{28B4FC55-CA22-43A7-82E4-8DFEACB69C3B}.Release|Any CPU.ActiveCfg = Release|Any CPU
		{28B4FC55-CA22-43A7-82E4-8DFEACB69C3B}.Release|Any CPU.Build.0 = Release|Any CPU
	EndGlobalSection
	GlobalSection(SolutionProperties) = preSolution
		HideSolutionNode = FALSE
	EndGlobalSection
	GlobalSection(ExtensibilityGlobals) = postSolution
		SolutionGuid = {BF5955CE-FD92-4AB7-B479-9D26B2CF17AA}
	EndGlobalSection
EndGlobal
